
Microsoft Visual Studio Solution File, Format Version 11.00
# Visual Studio 2010
Project("{FAE04EC0-301F-11D3-BF4B-00C04F79EFBC}") = "TelnetServer", "TelnetServer\TelnetServer.csproj", "{4E719501-0D1E-45EE-BDA3-B91FE1AA5FE0}"
EndProject
Project("{FAE04EC0-301F-11D3-BF4B-00C04F79EFBC}") = "GalaxyE", "GalaxyE\GalaxyE.csproj", "{08F9E616-29EE-4B12-95F6-AFA26374F429}"
EndProject
Project("{FAE04EC0-301F-11D3-BF4B-00C04F79EFBC}") = "TestApp", "TestApp\TestApp.csproj", "{5547E991-04F9-4618-BED6-F68460C08887}"
EndProject
Global
	GlobalSection(SolutionConfigurationPlatforms) = preSolution
		Debug|Any CPU = Debug|Any CPU
		Debug|Mixed Platforms = Debug|Mixed Platforms
		Debug|x86 = Debug|x86
		Release|Any CPU = Release|Any CPU
		Release|Mixed Platforms = Release|Mixed Platforms
		Release|x86 = Release|x86
	EndGlobalSection
	GlobalSection(ProjectConfigurationPlatforms) = postSolution
		{4E719501-0D1E-45EE-BDA3-B91FE1AA5FE0}.Debug|Any CPU.ActiveCfg = Debug|x86
		{4E719501-0D1E-45EE-BDA3-B91FE1AA5FE0}.Debug|Mixed Platforms.ActiveCfg = Debug|x86
		{4E719501-0D1E-45EE-BDA3-B91FE1AA5FE0}.Debug|Mixed Platforms.Build.0 = Debug|x86
		{4E719501-0D1E-45EE-BDA3-B91FE1AA5FE0}.Debug|x86.ActiveCfg = Debug|x86
		{4E719501-0D1E-45EE-BDA3-B91FE1AA5FE0}.Debug|x86.Build.0 = Debug|x86
		{4E719501-0D1E-45EE-BDA3-B91FE1AA5FE0}.Release|Any CPU.ActiveCfg = Release|x86
		{4E719501-0D1E-45EE-BDA3-B91FE1AA5FE0}.Release|Mixed Platforms.ActiveCfg = Release|x86
		{4E719501-0D1E-45EE-BDA3-B91FE1AA5FE0}.Release|Mixed Platforms.Build.0 = Release|x86
		{4E719501-0D1E-45EE-BDA3-B91FE1AA5FE0}.Release|x86.ActiveCfg = Release|x86
		{4E719501-0D1E-45EE-BDA3-B91FE1AA5FE0}.Release|x86.Build.0 = Release|x86
		{08F9E616-29EE-4B12-95F6-AFA26374F429}.Debug|Any CPU.ActiveCfg = Debug|Any CPU
		{08F9E616-29EE-4B12-95F6-AFA26374F429}.Debug|Any CPU.Build.0 = Debug|Any CPU
		{08F9E616-29EE-4B12-95F6-AFA26374F429}.Debug|Mixed Platforms.ActiveCfg = Debug|Any CPU
		{08F9E616-29EE-4B12-95F6-AFA26374F429}.Debug|Mixed Platforms.Build.0 = Debug|Any CPU
		{08F9E616-29EE-4B12-95F6-AFA26374F429}.Debug|x86.ActiveCfg = Debug|Any CPU
		{08F9E616-29EE-4B12-95F6-AFA26374F429}.Release|Any CPU.ActiveCfg = Release|Any CPU
		{08F9E616-29EE-4B12-95F6-AFA26374F429}.Release|Any CPU.Build.0 = Release|Any CPU
		{08F9E616-29EE-4B12-95F6-AFA26374F429}.Release|Mixed Platforms.ActiveCfg = Release|Any CPU
		{08F9E616-29EE-4B12-95F6-AFA26374F429}.Release|Mixed Platforms.Build.0 = Release|Any CPU
		{08F9E616-29EE-4B12-95F6-AFA26374F429}.Release|x86.ActiveCfg = Release|Any CPU
		{5547E991-04F9-4618-BED6-F68460C08887}.Debug|Any CPU.ActiveCfg = Debug|x86
		{5547E991-04F9-4618-BED6-F68460C08887}.Debug|Mixed Platforms.ActiveCfg = Debug|x86
		{5547E991-04F9-4618-BED6-F68460C08887}.Debug|Mixed Platforms.Build.0 = Debug|x86
		{5547E991-04F9-4618-BED6-F68460C08887}.Debug|x86.ActiveCfg = Debug|x86
		{5547E991-04F9-4618-BED6-F68460C08887}.Debug|x86.Build.0 = Debug|x86
		{5547E991-04F9-4618-BED6-F68460C08887}.Release|Any CPU.ActiveCfg = Release|x86
		{5547E991-04F9-4618-BED6-F68460C08887}.Release|Mixed Platforms.ActiveCfg = Release|x86
		{5547E991-04F9-4618-BED6-F68460C08887}.Release|Mixed Platforms.Build.0 = Release|x86
		{5547E991-04F9-4618-BED6-F68460C08887}.Release|x86.ActiveCfg = Release|x86
		{5547E991-04F9-4618-BED6-F68460C08887}.Release|x86.Build.0 = Release|x86
	EndGlobalSection
	GlobalSection(SolutionProperties) = preSolution
		HideSolutionNode = FALSE
	EndGlobalSection
EndGlobal
